
Microsoft Visual Studio Solution File, Format Version 12.00
# Visual Studio Version 17
VisualStudioVersion = 17.11.35327.3
MinimumVisualStudioVersion = 10.0.40219.1
Project("{2150E333-8FDC-42A3-9474-1A3956D46DE8}") = "Chapter1", "Chapter1", "{2F325250-A00D-4FDB-B3CF-CF317C4205CC}"
	ProjectSection(SolutionItems) = preProject
		Chapter1\Chapter1Notes.md = Chapter1\Chapter1Notes.md
	EndProjectSection
EndProject
Project("{8BC9CEB8-8B4A-11D0-8D11-00A0C91BC942}") = "d11", "Chapter1\d11\d11.vcxproj", "{F996A032-E841-42DC-BF76-7AFF166DE862}"
EndProject
Project("{8BC9CEB8-8B4A-11D0-8D11-00A0C91BC942}") = "p43", "Chapter1\p43\p43.vcxproj", "{FABEB056-2BA0-4366-9122-55AD875A4343}"
EndProject
Project("{8BC9CEB8-8B4A-11D0-8D11-00A0C91BC942}") = "p51", "Chapter1\p51\p51.vcxproj", "{ABBB4A78-B8D5-4E66-B836-150D1BE1768C}"
EndProject
Project("{2150E333-8FDC-42A3-9474-1A3956D46DE8}") = "Chapter2", "Chapter2", "{02EA681E-C7D8-13C7-8484-4AC65E1B71E8}"
EndProject
Project("{8BC9CEB8-8B4A-11D0-8D11-00A0C91BC942}") = "PP5", "Chapter1\PP5\PP5.vcxproj", "{E1A64234-A8ED-4E8D-A507-2992C66412A7}"
EndProject
Project("{8BC9CEB8-8B4A-11D0-8D11-00A0C91BC942}") = "PP11", "Chapter1\PP11\PP11.vcxproj", "{BDEFB997-A2E4-4680-98E6-CB61CBC924C7}"
EndProject
Global
	GlobalSection(SolutionConfigurationPlatforms) = preSolution
		Debug|x64 = Debug|x64
		Debug|x86 = Debug|x86
		Release|x64 = Release|x64
		Release|x86 = Release|x86
	EndGlobalSection
	GlobalSection(ProjectConfigurationPlatforms) = postSolution
		{F996A032-E841-42DC-BF76-7AFF166DE862}.Debug|x64.ActiveCfg = Debug|x64
		{F996A032-E841-42DC-BF76-7AFF166DE862}.Debug|x64.Build.0 = Debug|x64
		{F996A032-E841-42DC-BF76-7AFF166DE862}.Debug|x86.ActiveCfg = Debug|Win32
		{F996A032-E841-42DC-BF76-7AFF166DE862}.Debug|x86.Build.0 = Debug|Win32
		{F996A032-E841-42DC-BF76-7AFF166DE862}.Release|x64.ActiveCfg = Release|x64
		{F996A032-E841-42DC-BF76-7AFF166DE862}.Release|x64.Build.0 = Release|x64
		{F996A032-E841-42DC-BF76-7AFF166DE862}.Release|x86.ActiveCfg = Release|Win32
		{F996A032-E841-42DC-BF76-7AFF166DE862}.Release|x86.Build.0 = Release|Win32
		{FABEB056-2BA0-4366-9122-55AD875A4343}.Debug|x64.ActiveCfg = Debug|x64
		{FABEB056-2BA0-4366-9122-55AD875A4343}.Debug|x64.Build.0 = Debug|x64
		{FABEB056-2BA0-4366-9122-55AD875A4343}.Debug|x86.ActiveCfg = Debug|Win32
		{FABEB056-2BA0-4366-9122-55AD875A4343}.Debug|x86.Build.0 = Debug|Win32
		{FABEB056-2BA0-4366-9122-55AD875A4343}.Release|x64.ActiveCfg = Release|x64
		{FABEB056-2BA0-4366-9122-55AD875A4343}.Release|x64.Build.0 = Release|x64
		{FABEB056-2BA0-4366-9122-55AD875A4343}.Release|x86.ActiveCfg = Release|Win32
		{FABEB056-2BA0-4366-9122-55AD875A4343}.Release|x86.Build.0 = Release|Win32
		{ABBB4A78-B8D5-4E66-B836-150D1BE1768C}.Debug|x64.ActiveCfg = Debug|x64
		{ABBB4A78-B8D5-4E66-B836-150D1BE1768C}.Debug|x64.Build.0 = Debug|x64
		{ABBB4A78-B8D5-4E66-B836-150D1BE1768C}.Debug|x86.ActiveCfg = Debug|Win32
		{ABBB4A78-B8D5-4E66-B836-150D1BE1768C}.Debug|x86.Build.0 = Debug|Win32
		{ABBB4A78-B8D5-4E66-B836-150D1BE1768C}.Release|x64.ActiveCfg = Release|x64
		{ABBB4A78-B8D5-4E66-B836-150D1BE1768C}.Release|x64.Build.0 = Release|x64
		{ABBB4A78-B8D5-4E66-B836-150D1BE1768C}.Release|x86.ActiveCfg = Release|Win32
		{ABBB4A78-B8D5-4E66-B836-150D1BE1768C}.Release|x86.Build.0 = Release|Win32
		{E1A64234-A8ED-4E8D-A507-2992C66412A7}.Debug|x64.ActiveCfg = Debug|x64
		{E1A64234-A8ED-4E8D-A507-2992C66412A7}.Debug|x64.Build.0 = Debug|x64
		{E1A64234-A8ED-4E8D-A507-2992C66412A7}.Debug|x86.ActiveCfg = Debug|Win32
		{E1A64234-A8ED-4E8D-A507-2992C66412A7}.Debug|x86.Build.0 = Debug|Win32
		{E1A64234-A8ED-4E8D-A507-2992C66412A7}.Release|x64.ActiveCfg = Release|x64
		{E1A64234-A8ED-4E8D-A507-2992C66412A7}.Release|x64.Build.0 = Release|x64
		{E1A64234-A8ED-4E8D-A507-2992C66412A7}.Release|x86.ActiveCfg = Release|Win32
		{E1A64234-A8ED-4E8D-A507-2992C66412A7}.Release|x86.Build.0 = Release|Win32
		{BDEFB997-A2E4-4680-98E6-CB61CBC924C7}.Debug|x64.ActiveCfg = Debug|x64
		{BDEFB997-A2E4-4680-98E6-CB61CBC924C7}.Debug|x64.Build.0 = Debug|x64
		{BDEFB997-A2E4-4680-98E6-CB61CBC924C7}.Debug|x86.ActiveCfg = Debug|Win32
		{BDEFB997-A2E4-4680-98E6-CB61CBC924C7}.Debug|x86.Build.0 = Debug|Win32
		{BDEFB997-A2E4-4680-98E6-CB61CBC924C7}.Release|x64.ActiveCfg = Release|x64
		{BDEFB997-A2E4-4680-98E6-CB61CBC924C7}.Release|x64.Build.0 = Release|x64
		{BDEFB997-A2E4-4680-98E6-CB61CBC924C7}.Release|x86.ActiveCfg = Release|Win32
		{BDEFB997-A2E4-4680-98E6-CB61CBC924C7}.Release|x86.Build.0 = Release|Win32
	EndGlobalSection
	GlobalSection(SolutionProperties) = preSolution
		HideSolutionNode = FALSE
	EndGlobalSection
	GlobalSection(NestedProjects) = preSolution
		{F996A032-E841-42DC-BF76-7AFF166DE862} = {2F325250-A00D-4FDB-B3CF-CF317C4205CC}
		{FABEB056-2BA0-4366-9122-55AD875A4343} = {2F325250-A00D-4FDB-B3CF-CF317C4205CC}
		{ABBB4A78-B8D5-4E66-B836-150D1BE1768C} = {2F325250-A00D-4FDB-B3CF-CF317C4205CC}
		{E1A64234-A8ED-4E8D-A507-2992C66412A7} = {2F325250-A00D-4FDB-B3CF-CF317C4205CC}
		{BDEFB997-A2E4-4680-98E6-CB61CBC924C7} = {2F325250-A00D-4FDB-B3CF-CF317C4205CC}
	EndGlobalSection
	GlobalSection(ExtensibilityGlobals) = postSolution
		SolutionGuid = {4D27FD26-A693-4F8F-BCE3-74007651C086}
	EndGlobalSection
EndGlobal
